// !$*UTF8*$!
{
	archiveVersion = 1;
	classes = {
	};
	objectVersion = 55;
	objects = {

/* Begin PBXBuildFile section */
		C05B3D297F971C423268D4E4 /* Pods_TheMovie.framework in Frameworks */ = {isa = PBXBuildFile; fileRef = 7309F2B515286256CEE0264C /* Pods_TheMovie.framework */; };
		F383EB79281AF25F003BA5D4 /* AppDelegate.swift in Sources */ = {isa = PBXBuildFile; fileRef = F383EB78281AF25F003BA5D4 /* AppDelegate.swift */; };
		F383EB7B281AF25F003BA5D4 /* SceneDelegate.swift in Sources */ = {isa = PBXBuildFile; fileRef = F383EB7A281AF25F003BA5D4 /* SceneDelegate.swift */; };
		F383EB7D281AF25F003BA5D4 /* MovieVC.swift in Sources */ = {isa = PBXBuildFile; fileRef = F383EB7C281AF25F003BA5D4 /* MovieVC.swift */; };
		F383EB80281AF25F003BA5D4 /* Main.storyboard in Resources */ = {isa = PBXBuildFile; fileRef = F383EB7E281AF25F003BA5D4 /* Main.storyboard */; };
		F383EB82281AF262003BA5D4 /* Assets.xcassets in Resources */ = {isa = PBXBuildFile; fileRef = F383EB81281AF262003BA5D4 /* Assets.xcassets */; };
		F383EB85281AF262003BA5D4 /* LaunchScreen.storyboard in Resources */ = {isa = PBXBuildFile; fileRef = F383EB83281AF262003BA5D4 /* LaunchScreen.storyboard */; };
		F39BDC2B2824ED710008E0AD /* TheMovieTests.swift in Sources */ = {isa = PBXBuildFile; fileRef = F39BDC2A2824ED710008E0AD /* TheMovieTests.swift */; };
		F3EDBB3E281D2A2000E60280 /* MovieModel.swift in Sources */ = {isa = PBXBuildFile; fileRef = F3EDBB3D281D2A2000E60280 /* MovieModel.swift */; };
		F3EDBB43281D568B00E60280 /* MovieCell.swift in Sources */ = {isa = PBXBuildFile; fileRef = F3EDBB41281D568B00E60280 /* MovieCell.swift */; };
		F3EDBB48281E767300E60280 /* SplashVC.swift in Sources */ = {isa = PBXBuildFile; fileRef = F3EDBB47281E767300E60280 /* SplashVC.swift */; };
		F3EDBB4A281E81A500E60280 /* CompanyDetailsVC.swift in Sources */ = {isa = PBXBuildFile; fileRef = F3EDBB49281E81A500E60280 /* CompanyDetailsVC.swift */; };
/* End PBXBuildFile section */

/* Begin PBXContainerItemProxy section */
		F39BDC2C2824ED710008E0AD /* PBXContainerItemProxy */ = {
			isa = PBXContainerItemProxy;
			containerPortal = F383EB6D281AF25F003BA5D4 /* Project object */;
			proxyType = 1;
			remoteGlobalIDString = F383EB74281AF25F003BA5D4;
			remoteInfo = TheMovie;
		};
/* End PBXContainerItemProxy section */

/* Begin PBXFileReference section */
		554EF09690FB6B52BF1A3DF4 /* Pods-TheMovie.release.xcconfig */ = {isa = PBXFileReference; includeInIndex = 1; lastKnownFileType = text.xcconfig; name = "Pods-TheMovie.release.xcconfig"; path = "Target Support Files/Pods-TheMovie/Pods-TheMovie.release.xcconfig"; sourceTree = "<group>"; };
		7309F2B515286256CEE0264C /* Pods_TheMovie.framework */ = {isa = PBXFileReference; explicitFileType = wrapper.framework; includeInIndex = 0; path = Pods_TheMovie.framework; sourceTree = BUILT_PRODUCTS_DIR; };
		75B7D17BF020B76284A00B6C /* Pods-TheMovie.debug.xcconfig */ = {isa = PBXFileReference; includeInIndex = 1; lastKnownFileType = text.xcconfig; name = "Pods-TheMovie.debug.xcconfig"; path = "Target Support Files/Pods-TheMovie/Pods-TheMovie.debug.xcconfig"; sourceTree = "<group>"; };
		F383EB75281AF25F003BA5D4 /* TheMovie.app */ = {isa = PBXFileReference; explicitFileType = wrapper.application; includeInIndex = 0; path = TheMovie.app; sourceTree = BUILT_PRODUCTS_DIR; };
		F383EB78281AF25F003BA5D4 /* AppDelegate.swift */ = {isa = PBXFileReference; lastKnownFileType = sourcecode.swift; path = AppDelegate.swift; sourceTree = "<group>"; };
		F383EB7A281AF25F003BA5D4 /* SceneDelegate.swift */ = {isa = PBXFileReference; lastKnownFileType = sourcecode.swift; path = SceneDelegate.swift; sourceTree = "<group>"; };
		F383EB7C281AF25F003BA5D4 /* MovieVC.swift */ = {isa = PBXFileReference; lastKnownFileType = sourcecode.swift; path = MovieVC.swift; sourceTree = "<group>"; };
		F383EB7F281AF25F003BA5D4 /* Base */ = {isa = PBXFileReference; lastKnownFileType = file.storyboard; name = Base; path = Base.lproj/Main.storyboard; sourceTree = "<group>"; };
		F383EB81281AF262003BA5D4 /* Assets.xcassets */ = {isa = PBXFileReference; lastKnownFileType = folder.assetcatalog; path = Assets.xcassets; sourceTree = "<group>"; };
		F383EB84281AF262003BA5D4 /* Base */ = {isa = PBXFileReference; lastKnownFileType = file.storyboard; name = Base; path = Base.lproj/LaunchScreen.storyboard; sourceTree = "<group>"; };
		F383EB86281AF262003BA5D4 /* Info.plist */ = {isa = PBXFileReference; lastKnownFileType = text.plist.xml; path = Info.plist; sourceTree = "<group>"; };
		F39BDC282824ED710008E0AD /* TheMovieTests.xctest */ = {isa = PBXFileReference; explicitFileType = wrapper.cfbundle; includeInIndex = 0; path = TheMovieTests.xctest; sourceTree = BUILT_PRODUCTS_DIR; };
		F39BDC2A2824ED710008E0AD /* TheMovieTests.swift */ = {isa = PBXFileReference; lastKnownFileType = sourcecode.swift; path = TheMovieTests.swift; sourceTree = "<group>"; };
		F3EDBB3D281D2A2000E60280 /* MovieModel.swift */ = {isa = PBXFileReference; lastKnownFileType = sourcecode.swift; path = MovieModel.swift; sourceTree = "<group>"; };
		F3EDBB41281D568B00E60280 /* MovieCell.swift */ = {isa = PBXFileReference; lastKnownFileType = sourcecode.swift; path = MovieCell.swift; sourceTree = "<group>"; };
		F3EDBB47281E767300E60280 /* SplashVC.swift */ = {isa = PBXFileReference; lastKnownFileType = sourcecode.swift; path = SplashVC.swift; sourceTree = "<group>"; };
		F3EDBB49281E81A500E60280 /* CompanyDetailsVC.swift */ = {isa = PBXFileReference; lastKnownFileType = sourcecode.swift; path = CompanyDetailsVC.swift; sourceTree = "<group>"; };
/* End PBXFileReference section */

/* Begin PBXFrameworksBuildPhase section */
		F383EB72281AF25F003BA5D4 /* Frameworks */ = {
			isa = PBXFrameworksBuildPhase;
			buildActionMask = 2147483647;
			files = (
				C05B3D297F971C423268D4E4 /* Pods_TheMovie.framework in Frameworks */,
			);
			runOnlyForDeploymentPostprocessing = 0;
		};
		F39BDC252824ED710008E0AD /* Frameworks */ = {
			isa = PBXFrameworksBuildPhase;
			buildActionMask = 2147483647;
			files = (
			);
			runOnlyForDeploymentPostprocessing = 0;
		};
/* End PBXFrameworksBuildPhase section */

/* Begin PBXGroup section */
		812C966C974E03C3CBA21A9B /* Pods */ = {
			isa = PBXGroup;
			children = (
				75B7D17BF020B76284A00B6C /* Pods-TheMovie.debug.xcconfig */,
				554EF09690FB6B52BF1A3DF4 /* Pods-TheMovie.release.xcconfig */,
			);
			path = Pods;
			sourceTree = "<group>";
		};
		EF5123B7B248E919DC494163 /* Frameworks */ = {
			isa = PBXGroup;
			children = (
				7309F2B515286256CEE0264C /* Pods_TheMovie.framework */,
			);
			name = Frameworks;
			sourceTree = "<group>";
		};
		F383EB6C281AF25F003BA5D4 = {
			isa = PBXGroup;
			children = (
				F383EB77281AF25F003BA5D4 /* TheMovie */,
				F39BDC292824ED710008E0AD /* TheMovieTests */,
				F383EB76281AF25F003BA5D4 /* Products */,
				812C966C974E03C3CBA21A9B /* Pods */,
				EF5123B7B248E919DC494163 /* Frameworks */,
			);
			sourceTree = "<group>";
		};
		F383EB76281AF25F003BA5D4 /* Products */ = {
			isa = PBXGroup;
			children = (
				F383EB75281AF25F003BA5D4 /* TheMovie.app */,
				F39BDC282824ED710008E0AD /* TheMovieTests.xctest */,
			);
			name = Products;
			sourceTree = "<group>";
		};
		F383EB77281AF25F003BA5D4 /* TheMovie */ = {
			isa = PBXGroup;
			children = (
				F3EDBB4F281EA05900E60280 /* Views */,
				F3EDBB4E281EA02D00E60280 /* Model */,
				F3EDBB4D281E9FFF00E60280 /* StoryBoard */,
				F3EDBB4C281E9FDD00E60280 /* ViewControllers */,
				F3EDBB4B281E9FAB00E60280 /* App&SceneDelegate */,
				F383EB81281AF262003BA5D4 /* Assets.xcassets */,
				F383EB83281AF262003BA5D4 /* LaunchScreen.storyboard */,
				F383EB86281AF262003BA5D4 /* Info.plist */,
			);
			path = TheMovie;
			sourceTree = "<group>";
		};
		F39BDC292824ED710008E0AD /* TheMovieTests */ = {
			isa = PBXGroup;
			children = (
				F39BDC2A2824ED710008E0AD /* TheMovieTests.swift */,
			);
			path = TheMovieTests;
			sourceTree = "<group>";
		};
		F3EDBB4B281E9FAB00E60280 /* App&SceneDelegate */ = {
			isa = PBXGroup;
			children = (
				F383EB78281AF25F003BA5D4 /* AppDelegate.swift */,
				F383EB7A281AF25F003BA5D4 /* SceneDelegate.swift */,
			);
			path = "App&SceneDelegate";
			sourceTree = "<group>";
		};
		F3EDBB4C281E9FDD00E60280 /* ViewControllers */ = {
			isa = PBXGroup;
			children = (
				F383EB7C281AF25F003BA5D4 /* MovieVC.swift */,
				F3EDBB47281E767300E60280 /* SplashVC.swift */,
				F3EDBB49281E81A500E60280 /* CompanyDetailsVC.swift */,
			);
			path = ViewControllers;
			sourceTree = "<group>";
		};
		F3EDBB4D281E9FFF00E60280 /* StoryBoard */ = {
			isa = PBXGroup;
			children = (
				F383EB7E281AF25F003BA5D4 /* Main.storyboard */,
			);
			path = StoryBoard;
			sourceTree = "<group>";
		};
		F3EDBB4E281EA02D00E60280 /* Model */ = {
			isa = PBXGroup;
			children = (
				F3EDBB3D281D2A2000E60280 /* MovieModel.swift */,
			);
			path = Model;
			sourceTree = "<group>";
		};
		F3EDBB4F281EA05900E60280 /* Views */ = {
			isa = PBXGroup;
			children = (
				F3EDBB41281D568B00E60280 /* MovieCell.swift */,
			);
			path = Views;
			sourceTree = "<group>";
		};
/* End PBXGroup section */

/* Begin PBXNativeTarget section */
		F383EB74281AF25F003BA5D4 /* TheMovie */ = {
			isa = PBXNativeTarget;
			buildConfigurationList = F383EB89281AF262003BA5D4 /* Build configuration list for PBXNativeTarget "TheMovie" */;
			buildPhases = (
				F61899B34FBA80B9A41933AA /* [CP] Check Pods Manifest.lock */,
				F383EB71281AF25F003BA5D4 /* Sources */,
				F383EB72281AF25F003BA5D4 /* Frameworks */,
				F383EB73281AF25F003BA5D4 /* Resources */,
				3C89AC05EE19E30EA1DDAB4F /* [CP] Embed Pods Frameworks */,
			);
			buildRules = (
			);
			dependencies = (
			);
			name = TheMovie;
			productName = TheMovie;
			productReference = F383EB75281AF25F003BA5D4 /* TheMovie.app */;
			productType = "com.apple.product-type.application";
		};
		F39BDC272824ED710008E0AD /* TheMovieTests */ = {
			isa = PBXNativeTarget;
			buildConfigurationList = F39BDC302824ED710008E0AD /* Build configuration list for PBXNativeTarget "TheMovieTests" */;
			buildPhases = (
				F39BDC242824ED710008E0AD /* Sources */,
				F39BDC252824ED710008E0AD /* Frameworks */,
				F39BDC262824ED710008E0AD /* Resources */,
			);
			buildRules = (
			);
			dependencies = (
				F39BDC2D2824ED710008E0AD /* PBXTargetDependency */,
			);
			name = TheMovieTests;
			productName = TheMovieTests;
			productReference = F39BDC282824ED710008E0AD /* TheMovieTests.xctest */;
			productType = "com.apple.product-type.bundle.unit-test";
		};
/* End PBXNativeTarget section */

/* Begin PBXProject section */
		F383EB6D281AF25F003BA5D4 /* Project object */ = {
			isa = PBXProject;
			attributes = {
				BuildIndependentTargetsInParallel = 1;
				LastSwiftUpdateCheck = 1330;
				LastUpgradeCheck = 1330;
				TargetAttributes = {
					F383EB74281AF25F003BA5D4 = {
						CreatedOnToolsVersion = 13.3.1;
					};
					F39BDC272824ED710008E0AD = {
						CreatedOnToolsVersion = 13.3.1;
						TestTargetID = F383EB74281AF25F003BA5D4;
					};
				};
			};
			buildConfigurationList = F383EB70281AF25F003BA5D4 /* Build configuration list for PBXProject "TheMovie" */;
			compatibilityVersion = "Xcode 13.0";
			developmentRegion = en;
			hasScannedForEncodings = 0;
			knownRegions = (
				en,
				Base,
			);
			mainGroup = F383EB6C281AF25F003BA5D4;
			productRefGroup = F383EB76281AF25F003BA5D4 /* Products */;
			projectDirPath = "";
			projectRoot = "";
			targets = (
				F383EB74281AF25F003BA5D4 /* TheMovie */,
				F39BDC272824ED710008E0AD /* TheMovieTests */,
			);
		};
/* End PBXProject section */

/* Begin PBXResourcesBuildPhase section */
		F383EB73281AF25F003BA5D4 /* Resources */ = {
			isa = PBXResourcesBuildPhase;
			buildActionMask = 2147483647;
			files = (
				F383EB85281AF262003BA5D4 /* LaunchScreen.storyboard in Resources */,
				F383EB82281AF262003BA5D4 /* Assets.xcassets in Resources */,
				F383EB80281AF25F003BA5D4 /* Main.storyboard in Resources */,
			);
			runOnlyForDeploymentPostprocessing = 0;
		};
		F39BDC262824ED710008E0AD /* Resources */ = {
			isa = PBXResourcesBuildPhase;
			buildActionMask = 2147483647;
			files = (
			);
			runOnlyForDeploymentPostprocessing = 0;
		};
/* End PBXResourcesBuildPhase section */

/* Begin PBXShellScriptBuildPhase section */
		3C89AC05EE19E30EA1DDAB4F /* [CP] Embed Pods Frameworks */ = {
			isa = PBXShellScriptBuildPhase;
			buildActionMask = 2147483647;
			files = (
			);
			inputFileListPaths = (
				"${PODS_ROOT}/Target Support Files/Pods-TheMovie/Pods-TheMovie-frameworks-${CONFIGURATION}-input-files.xcfilelist",
			);
			name = "[CP] Embed Pods Frameworks";
			outputFileListPaths = (
				"${PODS_ROOT}/Target Support Files/Pods-TheMovie/Pods-TheMovie-frameworks-${CONFIGURATION}-output-files.xcfilelist",
			);
			runOnlyForDeploymentPostprocessing = 0;
			shellPath = /bin/sh;
			shellScript = "\"${PODS_ROOT}/Target Support Files/Pods-TheMovie/Pods-TheMovie-frameworks.sh\"\n";
			showEnvVarsInLog = 0;
		};
		F61899B34FBA80B9A41933AA /* [CP] Check Pods Manifest.lock */ = {
			isa = PBXShellScriptBuildPhase;
			buildActionMask = 2147483647;
			files = (
			);
			inputFileListPaths = (
			);
			inputPaths = (
				"${PODS_PODFILE_DIR_PATH}/Podfile.lock",
				"${PODS_ROOT}/Manifest.lock",
			);
			name = "[CP] Check Pods Manifest.lock";
			outputFileListPaths = (
			);
			outputPaths = (
				"$(DERIVED_FILE_DIR)/Pods-TheMovie-checkManifestLockResult.txt",
			);
			runOnlyForDeploymentPostprocessing = 0;
			shellPath = /bin/sh;
			shellScript = "diff \"${PODS_PODFILE_DIR_PATH}/Podfile.lock\" \"${PODS_ROOT}/Manifest.lock\" > /dev/null\nif [ $? != 0 ] ; then\n    # print error to STDERR\n    echo \"error: The sandbox is not in sync with the Podfile.lock. Run 'pod install' or update your CocoaPods installation.\" >&2\n    exit 1\nfi\n# This output is used by Xcode 'outputs' to avoid re-running this script phase.\necho \"SUCCESS\" > \"${SCRIPT_OUTPUT_FILE_0}\"\n";
			showEnvVarsInLog = 0;
		};
/* End PBXShellScriptBuildPhase section */

/* Begin PBXSourcesBuildPhase section */
		F383EB71281AF25F003BA5D4 /* Sources */ = {
			isa = PBXSourcesBuildPhase;
			buildActionMask = 2147483647;
			files = (
				F383EB7D281AF25F003BA5D4 /* MovieVC.swift in Sources */,
				F3EDBB43281D568B00E60280 /* MovieCell.swift in Sources */,
				F3EDBB3E281D2A2000E60280 /* MovieModel.swift in Sources */,
				F3EDBB48281E767300E60280 /* SplashVC.swift in Sources */,
				F3EDBB4A281E81A500E60280 /* CompanyDetailsVC.swift in Sources */,
				F383EB79281AF25F003BA5D4 /* AppDelegate.swift in Sources */,
				F383EB7B281AF25F003BA5D4 /* SceneDelegate.swift in Sources */,
			);
			runOnlyForDeploymentPostprocessing = 0;
		};
		F39BDC242824ED710008E0AD /* Sources */ = {
			isa = PBXSourcesBuildPhase;
			buildActionMask = 2147483647;
			files = (
				F39BDC2B2824ED710008E0AD /* TheMovieTests.swift in Sources */,
			);
			runOnlyForDeploymentPostprocessing = 0;
		};
/* End PBXSourcesBuildPhase section */

/* Begin PBXTargetDependency section */
		F39BDC2D2824ED710008E0AD /* PBXTargetDependency */ = {
			isa = PBXTargetDependency;
			target = F383EB74281AF25F003BA5D4 /* TheMovie */;
			targetProxy = F39BDC2C2824ED710008E0AD /* PBXContainerItemProxy */;
		};
/* End PBXTargetDependency section */

/* Begin PBXVariantGroup section */
		F383EB7E281AF25F003BA5D4 /* Main.storyboard */ = {
			isa = PBXVariantGroup;
			children = (
				F383EB7F281AF25F003BA5D4 /* Base */,
			);
			name = Main.storyboard;
			sourceTree = "<group>";
		};
		F383EB83281AF262003BA5D4 /* LaunchScreen.storyboard */ = {
			isa = PBXVariantGroup;
			children = (
				F383EB84281AF262003BA5D4 /* Base */,
			);
			name = LaunchScreen.storyboard;
			sourceTree = "<group>";
		};
/* End PBXVariantGroup section */

/* Begin XCBuildConfiguration section */
		F383EB87281AF262003BA5D4 /* Debug */ = {
			isa = XCBuildConfiguration;
			buildSettings = {
				ALWAYS_SEARCH_USER_PATHS = NO;
				CLANG_ANALYZER_NONNULL = YES;
				CLANG_ANALYZER_NUMBER_OBJECT_CONVERSION = YES_AGGRESSIVE;
				CLANG_CXX_LANGUAGE_STANDARD = "gnu++17";
				CLANG_ENABLE_MODULES = YES;
				CLANG_ENABLE_OBJC_ARC = YES;
				CLANG_ENABLE_OBJC_WEAK = YES;
				CLANG_WARN_BLOCK_CAPTURE_AUTORELEASING = YES;
				CLANG_WARN_BOOL_CONVERSION = YES;
				CLANG_WARN_COMMA = YES;
				CLANG_WARN_CONSTANT_CONVERSION = YES;
				CLANG_WARN_DEPRECATED_OBJC_IMPLEMENTATIONS = YES;
				CLANG_WARN_DIRECT_OBJC_ISA_USAGE = YES_ERROR;
				CLANG_WARN_DOCUMENTATION_COMMENTS = YES;
				CLANG_WARN_EMPTY_BODY = YES;
				CLANG_WARN_ENUM_CONVERSION = YES;
				CLANG_WARN_INFINITE_RECURSION = YES;
				CLANG_WARN_INT_CONVERSION = YES;
				CLANG_WARN_NON_LITERAL_NULL_CONVERSION = YES;
				CLANG_WARN_OBJC_IMPLICIT_RETAIN_SELF = YES;
				CLANG_WARN_OBJC_LITERAL_CONVERSION = YES;
				CLANG_WARN_OBJC_ROOT_CLASS = YES_ERROR;
				CLANG_WARN_QUOTED_INCLUDE_IN_FRAMEWORK_HEADER = YES;
				CLANG_WARN_RANGE_LOOP_ANALYSIS = YES;
				CLANG_WARN_STRICT_PROTOTYPES = YES;
				CLANG_WARN_SUSPICIOUS_MOVE = YES;
				CLANG_WARN_UNGUARDED_AVAILABILITY = YES_AGGRESSIVE;
				CLANG_WARN_UNREACHABLE_CODE = YES;
				CLANG_WARN__DUPLICATE_METHOD_MATCH = YES;
				COPY_PHASE_STRIP = NO;
				DEBUG_INFORMATION_FORMAT = dwarf;
				ENABLE_STRICT_OBJC_MSGSEND = YES;
				ENABLE_TESTABILITY = YES;
				GCC_C_LANGUAGE_STANDARD = gnu11;
				GCC_DYNAMIC_NO_PIC = NO;
				GCC_NO_COMMON_BLOCKS = YES;
				GCC_OPTIMIZATION_LEVEL = 0;
				GCC_PREPROCESSOR_DEFINITIONS = (
					"DEBUG=1",
					"$(inherited)",
				);
				GCC_WARN_64_TO_32_BIT_CONVERSION = YES;
				GCC_WARN_ABOUT_RETURN_TYPE = YES_ERROR;
				GCC_WARN_UNDECLARED_SELECTOR = YES;
				GCC_WARN_UNINITIALIZED_AUTOS = YES_AGGRESSIVE;
				GCC_WARN_UNUSED_FUNCTION = YES;
				GCC_WARN_UNUSED_VARIABLE = YES;
				IPHONEOS_DEPLOYMENT_TARGET = 15.4;
				MTL_ENABLE_DEBUG_INFO = INCLUDE_SOURCE;
				MTL_FAST_MATH = YES;
				ONLY_ACTIVE_ARCH = YES;
				SDKROOT = iphoneos;
				SWIFT_ACTIVE_COMPILATION_CONDITIONS = DEBUG;
				SWIFT_OPTIMIZATION_LEVEL = "-Onone";
			};
			name = Debug;
		};
		F383EB88281AF262003BA5D4 /* Release */ = {
			isa = XCBuildConfiguration;
			buildSettings = {
				ALWAYS_SEARCH_USER_PATHS = NO;
				CLANG_ANALYZER_NONNULL = YES;
				CLANG_ANALYZER_NUMBER_OBJECT_CONVERSION = YES_AGGRESSIVE;
				CLANG_CXX_LANGUAGE_STANDARD = "gnu++17";
				CLANG_ENABLE_MODULES = YES;
				CLANG_ENABLE_OBJC_ARC = YES;
				CLANG_ENABLE_OBJC_WEAK = YES;
				CLANG_WARN_BLOCK_CAPTURE_AUTORELEASING = YES;
				CLANG_WARN_BOOL_CONVERSION = YES;
				CLANG_WARN_COMMA = YES;
				CLANG_WARN_CONSTANT_CONVERSION = YES;
				CLANG_WARN_DEPRECATED_OBJC_IMPLEMENTATIONS = YES;
				CLANG_WARN_DIRECT_OBJC_ISA_USAGE = YES_ERROR;
				CLANG_WARN_DOCUMENTATION_COMMENTS = YES;
				CLANG_WARN_EMPTY_BODY = YES;
				CLANG_WARN_ENUM_CONVERSION = YES;
				CLANG_WARN_INFINITE_RECURSION = YES;
				CLANG_WARN_INT_CONVERSION = YES;
				CLANG_WARN_NON_LITERAL_NULL_CONVERSION = YES;
				CLANG_WARN_OBJC_IMPLICIT_RETAIN_SELF = YES;
				CLANG_WARN_OBJC_LITERAL_CONVERSION = YES;
				CLANG_WARN_OBJC_ROOT_CLASS = YES_ERROR;
				CLANG_WARN_QUOTED_INCLUDE_IN_FRAMEWORK_HEADER = YES;
				CLANG_WARN_RANGE_LOOP_ANALYSIS = YES;
				CLANG_WARN_STRICT_PROTOTYPES = YES;
				CLANG_WARN_SUSPICIOUS_MOVE = YES;
				CLANG_WARN_UNGUARDED_AVAILABILITY = YES_AGGRESSIVE;
				CLANG_WARN_UNREACHABLE_CODE = YES;
				CLANG_WARN__DUPLICATE_METHOD_MATCH = YES;
				COPY_PHASE_STRIP = NO;
				DEBUG_INFORMATION_FORMAT = "dwarf-with-dsym";
				ENABLE_NS_ASSERTIONS = NO;
				ENABLE_STRICT_OBJC_MSGSEND = YES;
				GCC_C_LANGUAGE_STANDARD = gnu11;
				GCC_NO_COMMON_BLOCKS = YES;
				GCC_WARN_64_TO_32_BIT_CONVERSION = YES;
				GCC_WARN_ABOUT_RETURN_TYPE = YES_ERROR;
				GCC_WARN_UNDECLARED_SELECTOR = YES;
				GCC_WARN_UNINITIALIZED_AUTOS = YES_AGGRESSIVE;
				GCC_WARN_UNUSED_FUNCTION = YES;
				GCC_WARN_UNUSED_VARIABLE = YES;
				IPHONEOS_DEPLOYMENT_TARGET = 15.4;
				MTL_ENABLE_DEBUG_INFO = NO;
				MTL_FAST_MATH = YES;
				SDKROOT = iphoneos;
				SWIFT_COMPILATION_MODE = wholemodule;
				SWIFT_OPTIMIZATION_LEVEL = "-O";
				VALIDATE_PRODUCT = YES;
			};
			name = Release;
		};
		F383EB8A281AF262003BA5D4 /* Debug */ = {
			isa = XCBuildConfiguration;
			baseConfigurationReference = 75B7D17BF020B76284A00B6C /* Pods-TheMovie.debug.xcconfig */;
			buildSettings = {
				ASSETCATALOG_COMPILER_APPICON_NAME = AppIcon;
				ASSETCATALOG_COMPILER_GLOBAL_ACCENT_COLOR_NAME = AccentColor;
				CODE_SIGN_STYLE = Automatic;
				CURRENT_PROJECT_VERSION = 1;
				GENERATE_INFOPLIST_FILE = YES;
				INFOPLIST_FILE = TheMovie/Info.plist;
				INFOPLIST_KEY_UIApplicationSupportsIndirectInputEvents = YES;
				INFOPLIST_KEY_UILaunchStoryboardName = LaunchScreen;
				INFOPLIST_KEY_UIMainStoryboardFile = Main;
				INFOPLIST_KEY_UISupportedInterfaceOrientations_iPad = "UIInterfaceOrientationPortrait UIInterfaceOrientationPortraitUpsideDown UIInterfaceOrientationLandscapeLeft UIInterfaceOrientationLandscapeRight";
				INFOPLIST_KEY_UISupportedInterfaceOrientations_iPhone = "UIInterfaceOrientationPortrait UIInterfaceOrientationLandscapeLeft UIInterfaceOrientationLandscapeRight";
				LD_RUNPATH_SEARCH_PATHS = (
					"$(inherited)",
					"@executable_path/Frameworks",
				);
				MARKETING_VERSION = 1.0;
				PRODUCT_BUNDLE_IDENTIFIER = kushagra.TheMovie;
				PRODUCT_NAME = "$(TARGET_NAME)";
				SWIFT_EMIT_LOC_STRINGS = YES;
				SWIFT_VERSION = 5.0;
				TARGETED_DEVICE_FAMILY = 1;
			};
			name = Debug;
		};
		F383EB8B281AF262003BA5D4 /* Release */ = {
			isa = XCBuildConfiguration;
			baseConfigurationReference = 554EF09690FB6B52BF1A3DF4 /* Pods-TheMovie.release.xcconfig */;
			buildSettings = {
				ASSETCATALOG_COMPILER_APPICON_NAME = AppIcon;
				ASSETCATALOG_COMPILER_GLOBAL_ACCENT_COLOR_NAME = AccentColor;
				CODE_SIGN_STYLE = Automatic;
				CURRENT_PROJECT_VERSION = 1;
				GENERATE_INFOPLIST_FILE = YES;
				INFOPLIST_FILE = TheMovie/Info.plist;
				INFOPLIST_KEY_UIApplicationSupportsIndirectInputEvents = YES;
				INFOPLIST_KEY_UILaunchStoryboardName = LaunchScreen;
				INFOPLIST_KEY_UIMainStoryboardFile = Main;
				INFOPLIST_KEY_UISupportedInterfaceOrientations_iPad = "UIInterfaceOrientationPortrait UIInterfaceOrientationPortraitUpsideDown UIInterfaceOrientationLandscapeLeft UIInterfaceOrientationLandscapeRight";
				INFOPLIST_KEY_UISupportedInterfaceOrientations_iPhone = "UIInterfaceOrientationPortrait UIInterfaceOrientationLandscapeLeft UIInterfaceOrientationLandscapeRight";
				LD_RUNPATH_SEARCH_PATHS = (
					"$(inherited)",
					"@executable_path/Frameworks",
				);
				MARKETING_VERSION = 1.0;
				PRODUCT_BUNDLE_IDENTIFIER = kushagra.TheMovie;
				PRODUCT_NAME = "$(TARGET_NAME)";
				SWIFT_EMIT_LOC_STRINGS = YES;
				SWIFT_VERSION = 5.0;
				TARGETED_DEVICE_FAMILY = 1;
			};
			name = Release;
		};
		F39BDC2E2824ED710008E0AD /* Debug */ = {
			isa = XCBuildConfiguration;
			buildSettings = {
				BUNDLE_LOADER = "$(TEST_HOST)";
				CODE_SIGN_STYLE = Automatic;
				CURRENT_PROJECT_VERSION = 1;
				GENERATE_INFOPLIST_FILE = YES;
				MARKETING_VERSION = 1.0;
				PRODUCT_BUNDLE_IDENTIFIER = kushagra.TheMovieTests;
				PRODUCT_NAME = "$(TARGET_NAME)";
				SWIFT_EMIT_LOC_STRINGS = NO;
				SWIFT_VERSION = 5.0;
				TARGETED_DEVICE_FAMILY = "1,2";
				TEST_HOST = "$(BUILT_PRODUCTS_DIR)/TheMovie.app/TheMovie";
			};
			name = Debug;
		};
		F39BDC2F2824ED710008E0AD /* Release */ = {
			isa = XCBuildConfiguration;
			buildSettings = {
				BUNDLE_LOADER = "$(TEST_HOST)";
				CODE_SIGN_STYLE = Automatic;
				CURRENT_PROJECT_VERSION = 1;
				GENERATE_INFOPLIST_FILE = YES;
				MARKETING_VERSION = 1.0;
				PRODUCT_BUNDLE_IDENTIFIER = kushagra.TheMovieTests;
				PRODUCT_NAME = "$(TARGET_NAME)";
				SWIFT_EMIT_LOC_STRINGS = NO;
				SWIFT_VERSION = 5.0;
				TARGETED_DEVICE_FAMILY = "1,2";
				TEST_HOST = "$(BUILT_PRODUCTS_DIR)/TheMovie.app/TheMovie";
			};
			name = Release;
		};
/* End XCBuildConfiguration section */

/* Begin XCConfigurationList section */
		F383EB70281AF25F003BA5D4 /* Build configuration list for PBXProject "TheMovie" */ = {
			isa = XCConfigurationList;
			buildConfigurations = (
				F383EB87281AF262003BA5D4 /* Debug */,
				F383EB88281AF262003BA5D4 /* Release */,
			);
			defaultConfigurationIsVisible = 0;
			defaultConfigurationName = Release;
		};
		F383EB89281AF262003BA5D4 /* Build configuration list for PBXNativeTarget "TheMovie" */ = {
			isa = XCConfigurationList;
			buildConfigurations = (
				F383EB8A281AF262003BA5D4 /* Debug */,
				F383EB8B281AF262003BA5D4 /* Release */,
			);
			defaultConfigurationIsVisible = 0;
			defaultConfigurationName = Release;
		};
		F39BDC302824ED710008E0AD /* Build configuration list for PBXNativeTarget "TheMovieTests" */ = {
			isa = XCConfigurationList;
			buildConfigurations = (
				F39BDC2E2824ED710008E0AD /* Debug */,
				F39BDC2F2824ED710008E0AD /* Release */,
			);
			defaultConfigurationIsVisible = 0;
			defaultConfigurationName = Release;
		};
/* End XCConfigurationList section */
	};
	rootObject = F383EB6D281AF25F003BA5D4 /* Project object */;
}
